
Microsoft Visual Studio Solution File, Format Version 12.00
# Visual Studio Version 17
VisualStudioVersion = 17.6.33829.357
MinimumVisualStudioVersion = 10.0.40219.1
Project("{FAE04EC0-301F-11D3-BF4B-00C04F79EFBC}") = "WebScrapApp", "WebScrapApp.csproj", "{D1CD4DC1-F0B5-4A58-9EEF-5CEE7C20D932}"
EndProject
Global
	GlobalSection(SolutionConfigurationPlatforms) = preSolution
		Debug|Any CPU = Debug|Any CPU
		Release|Any CPU = Release|Any CPU
	EndGlobalSection
	GlobalSection(ProjectConfigurationPlatforms) = postSolution
		{D1CD4DC1-F0B5-4A58-9EEF-5CEE7C20D932}.Debug|Any CPU.ActiveCfg = Debug|Any CPU
		{D1CD4DC1-F0B5-4A58-9EEF-5CEE7C20D932}.Debug|Any CPU.Build.0 = Debug|Any CPU
		{D1CD4DC1-F0B5-4A58-9EEF-5CEE7C20D932}.Release|Any CPU.ActiveCfg = Release|Any CPU
		{D1CD4DC1-F0B5-4A58-9EEF-5CEE7C20D932}.Release|Any CPU.Build.0 = Release|Any CPU
	EndGlobalSection
	GlobalSection(SolutionProperties) = preSolution
		HideSolutionNode = FALSE
	EndGlobalSection
	GlobalSection(ExtensibilityGlobals) = postSolution
		SolutionGuid = {E53A8447-81CE-443D-AA93-812A98541DA3}
	EndGlobalSection
EndGlobal
